// !$*UTF8*$!
{
	archiveVersion = 1;
	classes = {
	};
	objectVersion = 50;
	objects = {

/* Begin PBXBuildFile section */
		2C09FEDD113F1BE69F797F02 /* Pods_teste_bank_iosTests.framework in Frameworks */ = {isa = PBXBuildFile; fileRef = 7C5D3B05AF7EA02975EE1C75 /* Pods_teste_bank_iosTests.framework */; };
		8011C8FA23F4453300BCAA63 /* LoginModels.swift in Sources */ = {isa = PBXBuildFile; fileRef = 8011C8F923F4453300BCAA63 /* LoginModels.swift */; };
		8011C8FC23F44C5200BCAA63 /* Extensions.swift in Sources */ = {isa = PBXBuildFile; fileRef = 8011C8FB23F44C5200BCAA63 /* Extensions.swift */; };
		8011C8FF23F4513500BCAA63 /* Api.swift in Sources */ = {isa = PBXBuildFile; fileRef = 8011C8FE23F4513500BCAA63 /* Api.swift */; };
		80C1FD6223F202D700446B5A /* AppDelegate.swift in Sources */ = {isa = PBXBuildFile; fileRef = 80C1FD6123F202D700446B5A /* AppDelegate.swift */; };
		80C1FD6423F202D700446B5A /* LoginViewController.swift in Sources */ = {isa = PBXBuildFile; fileRef = 80C1FD6323F202D700446B5A /* LoginViewController.swift */; };
		80C1FD6923F202DD00446B5A /* Assets.xcassets in Resources */ = {isa = PBXBuildFile; fileRef = 80C1FD6823F202DD00446B5A /* Assets.xcassets */; };
		80C1FD6C23F202DD00446B5A /* LaunchScreen.storyboard in Resources */ = {isa = PBXBuildFile; fileRef = 80C1FD6A23F202DD00446B5A /* LaunchScreen.storyboard */; };
		80C1FD7723F202DD00446B5A /* teste_bank_iosTests.swift in Sources */ = {isa = PBXBuildFile; fileRef = 80C1FD7623F202DD00446B5A /* teste_bank_iosTests.swift */; };
		80C1FD8523F20C8E00446B5A /* CustomLogo.xib in Resources */ = {isa = PBXBuildFile; fileRef = 80C1FD8423F20C8E00446B5A /* CustomLogo.xib */; };
		80C1FD8723F2111300446B5A /* CustomLogo.swift in Sources */ = {isa = PBXBuildFile; fileRef = 80C1FD8623F2111300446B5A /* CustomLogo.swift */; };
		80C1FD8923F2375000446B5A /* LoginViewController.xib in Resources */ = {isa = PBXBuildFile; fileRef = 80C1FD8823F2375000446B5A /* LoginViewController.xib */; };
		80C1FD8D23F259FE00446B5A /* LoginConfigurator.swift in Sources */ = {isa = PBXBuildFile; fileRef = 80C1FD8C23F259FE00446B5A /* LoginConfigurator.swift */; };
		80C1FD8F23F25A2C00446B5A /* LoginRouter.swift in Sources */ = {isa = PBXBuildFile; fileRef = 80C1FD8E23F25A2C00446B5A /* LoginRouter.swift */; };
		80C1FD9123F25A5300446B5A /* LoginInteractor.swift in Sources */ = {isa = PBXBuildFile; fileRef = 80C1FD9023F25A5300446B5A /* LoginInteractor.swift */; };
		80C1FD9323F25AD700446B5A /* LoginPresenter.swift in Sources */ = {isa = PBXBuildFile; fileRef = 80C1FD9223F25AD700446B5A /* LoginPresenter.swift */; };
		80D8CBCF23F46F97002A54BC /* Constants.swift in Sources */ = {isa = PBXBuildFile; fileRef = 80D8CBCE23F46F97002A54BC /* Constants.swift */; };
		80D8CBD123F47275002A54BC /* EndpointBank.swift in Sources */ = {isa = PBXBuildFile; fileRef = 80D8CBD023F47275002A54BC /* EndpointBank.swift */; };
		80F0466823F2E7AB00C87A7D /* LoginWorker.swift in Sources */ = {isa = PBXBuildFile; fileRef = 80F0466723F2E7AB00C87A7D /* LoginWorker.swift */; };
		80F0466A23F3179100C87A7D /* Commons.swift in Sources */ = {isa = PBXBuildFile; fileRef = 80F0466923F3179100C87A7D /* Commons.swift */; };
		BEA490D0D89F5DE6B8023BBD /* Pods_teste_bank_ios.framework in Frameworks */ = {isa = PBXBuildFile; fileRef = D17670895A231B0878412A7D /* Pods_teste_bank_ios.framework */; };
/* End PBXBuildFile section */

/* Begin PBXContainerItemProxy section */
		80C1FD7323F202DD00446B5A /* PBXContainerItemProxy */ = {
			isa = PBXContainerItemProxy;
			containerPortal = 80C1FD5623F202D700446B5A /* Project object */;
			proxyType = 1;
			remoteGlobalIDString = 80C1FD5D23F202D700446B5A;
			remoteInfo = "teste-bank-ios";
		};
/* End PBXContainerItemProxy section */

/* Begin PBXFileReference section */
		1B9E2780E3B430E4F88D6C44 /* Pods-teste-bank-iosTests.debug.xcconfig */ = {isa = PBXFileReference; includeInIndex = 1; lastKnownFileType = text.xcconfig; name = "Pods-teste-bank-iosTests.debug.xcconfig"; path = "Pods/Target Support Files/Pods-teste-bank-iosTests/Pods-teste-bank-iosTests.debug.xcconfig"; sourceTree = "<group>"; };
		7C5D3B05AF7EA02975EE1C75 /* Pods_teste_bank_iosTests.framework */ = {isa = PBXFileReference; explicitFileType = wrapper.framework; includeInIndex = 0; path = Pods_teste_bank_iosTests.framework; sourceTree = BUILT_PRODUCTS_DIR; };
		8011C8F923F4453300BCAA63 /* LoginModels.swift */ = {isa = PBXFileReference; lastKnownFileType = sourcecode.swift; path = LoginModels.swift; sourceTree = "<group>"; };
		8011C8FB23F44C5200BCAA63 /* Extensions.swift */ = {isa = PBXFileReference; lastKnownFileType = sourcecode.swift; path = Extensions.swift; sourceTree = "<group>"; };
		8011C8FE23F4513500BCAA63 /* Api.swift */ = {isa = PBXFileReference; lastKnownFileType = sourcecode.swift; path = Api.swift; sourceTree = "<group>"; };
		80C1FD5E23F202D700446B5A /* teste-bank-ios.app */ = {isa = PBXFileReference; explicitFileType = wrapper.application; includeInIndex = 0; path = "teste-bank-ios.app"; sourceTree = BUILT_PRODUCTS_DIR; };
		80C1FD6123F202D700446B5A /* AppDelegate.swift */ = {isa = PBXFileReference; lastKnownFileType = sourcecode.swift; path = AppDelegate.swift; sourceTree = "<group>"; };
		80C1FD6323F202D700446B5A /* LoginViewController.swift */ = {isa = PBXFileReference; lastKnownFileType = sourcecode.swift; path = LoginViewController.swift; sourceTree = "<group>"; };
		80C1FD6823F202DD00446B5A /* Assets.xcassets */ = {isa = PBXFileReference; lastKnownFileType = folder.assetcatalog; path = Assets.xcassets; sourceTree = "<group>"; };
		80C1FD6B23F202DD00446B5A /* Base */ = {isa = PBXFileReference; lastKnownFileType = file.storyboard; name = Base; path = Base.lproj/LaunchScreen.storyboard; sourceTree = "<group>"; };
		80C1FD6D23F202DD00446B5A /* Info.plist */ = {isa = PBXFileReference; lastKnownFileType = text.plist.xml; path = Info.plist; sourceTree = "<group>"; };
		80C1FD7223F202DD00446B5A /* teste-bank-iosTests.xctest */ = {isa = PBXFileReference; explicitFileType = wrapper.cfbundle; includeInIndex = 0; path = "teste-bank-iosTests.xctest"; sourceTree = BUILT_PRODUCTS_DIR; };
		80C1FD7623F202DD00446B5A /* teste_bank_iosTests.swift */ = {isa = PBXFileReference; lastKnownFileType = sourcecode.swift; path = teste_bank_iosTests.swift; sourceTree = "<group>"; };
		80C1FD7823F202DD00446B5A /* Info.plist */ = {isa = PBXFileReference; lastKnownFileType = text.plist.xml; path = Info.plist; sourceTree = "<group>"; };
		80C1FD8423F20C8E00446B5A /* CustomLogo.xib */ = {isa = PBXFileReference; lastKnownFileType = file.xib; path = CustomLogo.xib; sourceTree = "<group>"; };
		80C1FD8623F2111300446B5A /* CustomLogo.swift */ = {isa = PBXFileReference; lastKnownFileType = sourcecode.swift; path = CustomLogo.swift; sourceTree = "<group>"; };
		80C1FD8823F2375000446B5A /* LoginViewController.xib */ = {isa = PBXFileReference; lastKnownFileType = file.xib; path = LoginViewController.xib; sourceTree = "<group>"; };
		80C1FD8C23F259FE00446B5A /* LoginConfigurator.swift */ = {isa = PBXFileReference; lastKnownFileType = sourcecode.swift; path = LoginConfigurator.swift; sourceTree = "<group>"; };
		80C1FD8E23F25A2C00446B5A /* LoginRouter.swift */ = {isa = PBXFileReference; lastKnownFileType = sourcecode.swift; path = LoginRouter.swift; sourceTree = "<group>"; };
		80C1FD9023F25A5300446B5A /* LoginInteractor.swift */ = {isa = PBXFileReference; lastKnownFileType = sourcecode.swift; path = LoginInteractor.swift; sourceTree = "<group>"; };
		80C1FD9223F25AD700446B5A /* LoginPresenter.swift */ = {isa = PBXFileReference; lastKnownFileType = sourcecode.swift; path = LoginPresenter.swift; sourceTree = "<group>"; };
		80D8CBCE23F46F97002A54BC /* Constants.swift */ = {isa = PBXFileReference; lastKnownFileType = sourcecode.swift; path = Constants.swift; sourceTree = "<group>"; };
		80D8CBD023F47275002A54BC /* EndpointBank.swift */ = {isa = PBXFileReference; lastKnownFileType = sourcecode.swift; path = EndpointBank.swift; sourceTree = "<group>"; };
		80F0466723F2E7AB00C87A7D /* LoginWorker.swift */ = {isa = PBXFileReference; lastKnownFileType = sourcecode.swift; path = LoginWorker.swift; sourceTree = "<group>"; };
		80F0466923F3179100C87A7D /* Commons.swift */ = {isa = PBXFileReference; lastKnownFileType = sourcecode.swift; path = Commons.swift; sourceTree = "<group>"; };
		A19C27EA3BC3AF33612D852E /* Pods-teste-bank-ios.release.xcconfig */ = {isa = PBXFileReference; includeInIndex = 1; lastKnownFileType = text.xcconfig; name = "Pods-teste-bank-ios.release.xcconfig"; path = "Pods/Target Support Files/Pods-teste-bank-ios/Pods-teste-bank-ios.release.xcconfig"; sourceTree = "<group>"; };
		CB260E846010BFF472887B6B /* Pods-teste-bank-ios.debug.xcconfig */ = {isa = PBXFileReference; includeInIndex = 1; lastKnownFileType = text.xcconfig; name = "Pods-teste-bank-ios.debug.xcconfig"; path = "Pods/Target Support Files/Pods-teste-bank-ios/Pods-teste-bank-ios.debug.xcconfig"; sourceTree = "<group>"; };
		D17670895A231B0878412A7D /* Pods_teste_bank_ios.framework */ = {isa = PBXFileReference; explicitFileType = wrapper.framework; includeInIndex = 0; path = Pods_teste_bank_ios.framework; sourceTree = BUILT_PRODUCTS_DIR; };
		E294036795F28AC0961E83C9 /* Pods-teste-bank-iosTests.release.xcconfig */ = {isa = PBXFileReference; includeInIndex = 1; lastKnownFileType = text.xcconfig; name = "Pods-teste-bank-iosTests.release.xcconfig"; path = "Pods/Target Support Files/Pods-teste-bank-iosTests/Pods-teste-bank-iosTests.release.xcconfig"; sourceTree = "<group>"; };
/* End PBXFileReference section */

/* Begin PBXFrameworksBuildPhase section */
		80C1FD5B23F202D700446B5A /* Frameworks */ = {
			isa = PBXFrameworksBuildPhase;
			buildActionMask = 2147483647;
			files = (
				BEA490D0D89F5DE6B8023BBD /* Pods_teste_bank_ios.framework in Frameworks */,
			);
			runOnlyForDeploymentPostprocessing = 0;
		};
		80C1FD6F23F202DD00446B5A /* Frameworks */ = {
			isa = PBXFrameworksBuildPhase;
			buildActionMask = 2147483647;
			files = (
				2C09FEDD113F1BE69F797F02 /* Pods_teste_bank_iosTests.framework in Frameworks */,
			);
			runOnlyForDeploymentPostprocessing = 0;
		};
/* End PBXFrameworksBuildPhase section */

/* Begin PBXGroup section */
		8011C8F823F443DF00BCAA63 /* Model */ = {
			isa = PBXGroup;
			children = (
			);
			path = Model;
			sourceTree = "<group>";
		};
		8011C8FD23F4510600BCAA63 /* Service */ = {
			isa = PBXGroup;
			children = (
				8011C8FE23F4513500BCAA63 /* Api.swift */,
			);
			path = Service;
			sourceTree = "<group>";
		};
		80C1FD5523F202D700446B5A = {
			isa = PBXGroup;
			children = (
				80C1FD6023F202D700446B5A /* teste-bank-ios */,
				80C1FD7523F202DD00446B5A /* teste-bank-iosTests */,
				80C1FD5F23F202D700446B5A /* Products */,
				8822A1673D2BE1110EA4181A /* Pods */,
				D614868FB3FA21D8BE59CE4F /* Frameworks */,
			);
			sourceTree = "<group>";
		};
		80C1FD5F23F202D700446B5A /* Products */ = {
			isa = PBXGroup;
			children = (
				80C1FD5E23F202D700446B5A /* teste-bank-ios.app */,
				80C1FD7223F202DD00446B5A /* teste-bank-iosTests.xctest */,
			);
			name = Products;
			sourceTree = "<group>";
		};
		80C1FD6023F202D700446B5A /* teste-bank-ios */ = {
			isa = PBXGroup;
			children = (
				8011C8FD23F4510600BCAA63 /* Service */,
				8011C8F823F443DF00BCAA63 /* Model */,
				80C1FD8323F2082100446B5A /* Utils */,
				80C1FD8123F205B900446B5A /* Scenes */,
				80C1FD6823F202DD00446B5A /* Assets.xcassets */,
				80C1FD6A23F202DD00446B5A /* LaunchScreen.storyboard */,
				80C1FD6D23F202DD00446B5A /* Info.plist */,
			);
			path = "teste-bank-ios";
			sourceTree = "<group>";
		};
		80C1FD7523F202DD00446B5A /* teste-bank-iosTests */ = {
			isa = PBXGroup;
			children = (
				80C1FD7623F202DD00446B5A /* teste_bank_iosTests.swift */,
				80C1FD7823F202DD00446B5A /* Info.plist */,
			);
			path = "teste-bank-iosTests";
			sourceTree = "<group>";
		};
		80C1FD8123F205B900446B5A /* Scenes */ = {
			isa = PBXGroup;
			children = (
				80C1FD8223F205C900446B5A /* Login */,
			);
			path = Scenes;
			sourceTree = "<group>";
		};
		80C1FD8223F205C900446B5A /* Login */ = {
			isa = PBXGroup;
			children = (
				80C1FD8C23F259FE00446B5A /* LoginConfigurator.swift */,
				80C1FD8E23F25A2C00446B5A /* LoginRouter.swift */,
				80C1FD6323F202D700446B5A /* LoginViewController.swift */,
				80C1FD9023F25A5300446B5A /* LoginInteractor.swift */,
				80C1FD9223F25AD700446B5A /* LoginPresenter.swift */,
				80F0466723F2E7AB00C87A7D /* LoginWorker.swift */,
				8011C8F923F4453300BCAA63 /* LoginModels.swift */,
				80C1FD8823F2375000446B5A /* LoginViewController.xib */,
			);
			path = Login;
			sourceTree = "<group>";
		};
		80C1FD8323F2082100446B5A /* Utils */ = {
			isa = PBXGroup;
			children = (
				80F0466923F3179100C87A7D /* Commons.swift */,
				80C1FD6123F202D700446B5A /* AppDelegate.swift */,
				8011C8FB23F44C5200BCAA63 /* Extensions.swift */,
				80C1FD8A23F2586F00446B5A /* components */,
				80D8CBCE23F46F97002A54BC /* Constants.swift */,
				80D8CBD023F47275002A54BC /* EndpointBank.swift */,
			);
			path = Utils;
			sourceTree = "<group>";
		};
		80C1FD8A23F2586F00446B5A /* components */ = {
			isa = PBXGroup;
			children = (
				80C1FD8423F20C8E00446B5A /* CustomLogo.xib */,
				80C1FD8623F2111300446B5A /* CustomLogo.swift */,
			);
			path = components;
			sourceTree = "<group>";
		};
		8822A1673D2BE1110EA4181A /* Pods */ = {
			isa = PBXGroup;
			children = (
				CB260E846010BFF472887B6B /* Pods-teste-bank-ios.debug.xcconfig */,
				A19C27EA3BC3AF33612D852E /* Pods-teste-bank-ios.release.xcconfig */,
				1B9E2780E3B430E4F88D6C44 /* Pods-teste-bank-iosTests.debug.xcconfig */,
				E294036795F28AC0961E83C9 /* Pods-teste-bank-iosTests.release.xcconfig */,
			);
			name = Pods;
			sourceTree = "<group>";
		};
		D614868FB3FA21D8BE59CE4F /* Frameworks */ = {
			isa = PBXGroup;
			children = (
				D17670895A231B0878412A7D /* Pods_teste_bank_ios.framework */,
				7C5D3B05AF7EA02975EE1C75 /* Pods_teste_bank_iosTests.framework */,
			);
			name = Frameworks;
			sourceTree = "<group>";
		};
/* End PBXGroup section */

/* Begin PBXNativeTarget section */
		80C1FD5D23F202D700446B5A /* teste-bank-ios */ = {
			isa = PBXNativeTarget;
			buildConfigurationList = 80C1FD7B23F202DD00446B5A /* Build configuration list for PBXNativeTarget "teste-bank-ios" */;
			buildPhases = (
				F208D7BD27A509B7722A8597 /* [CP] Check Pods Manifest.lock */,
				80C1FD5A23F202D700446B5A /* Sources */,
				80C1FD5B23F202D700446B5A /* Frameworks */,
				80C1FD5C23F202D700446B5A /* Resources */,
				4B662B2E6221996B56BE600C /* [CP] Embed Pods Frameworks */,
			);
			buildRules = (
			);
			dependencies = (
			);
			name = "teste-bank-ios";
			productName = "teste-bank-ios";
			productReference = 80C1FD5E23F202D700446B5A /* teste-bank-ios.app */;
			productType = "com.apple.product-type.application";
		};
		80C1FD7123F202DD00446B5A /* teste-bank-iosTests */ = {
			isa = PBXNativeTarget;
			buildConfigurationList = 80C1FD7E23F202DD00446B5A /* Build configuration list for PBXNativeTarget "teste-bank-iosTests" */;
			buildPhases = (
				5E35DFF3CFEC6A6E1C0740F0 /* [CP] Check Pods Manifest.lock */,
				80C1FD6E23F202DD00446B5A /* Sources */,
				80C1FD6F23F202DD00446B5A /* Frameworks */,
				80C1FD7023F202DD00446B5A /* Resources */,
			);
			buildRules = (
			);
			dependencies = (
				80C1FD7423F202DD00446B5A /* PBXTargetDependency */,
			);
			name = "teste-bank-iosTests";
			productName = "teste-bank-iosTests";
			productReference = 80C1FD7223F202DD00446B5A /* teste-bank-iosTests.xctest */;
			productType = "com.apple.product-type.bundle.unit-test";
		};
/* End PBXNativeTarget section */

/* Begin PBXProject section */
		80C1FD5623F202D700446B5A /* Project object */ = {
			isa = PBXProject;
			attributes = {
				LastSwiftUpdateCheck = 1010;
				LastUpgradeCheck = 1010;
				ORGANIZATIONNAME = Lopes;
				TargetAttributes = {
					80C1FD5D23F202D700446B5A = {
						CreatedOnToolsVersion = 10.1;
					};
					80C1FD7123F202DD00446B5A = {
						CreatedOnToolsVersion = 10.1;
						TestTargetID = 80C1FD5D23F202D700446B5A;
					};
				};
			};
			buildConfigurationList = 80C1FD5923F202D700446B5A /* Build configuration list for PBXProject "teste-bank-ios" */;
			compatibilityVersion = "Xcode 9.3";
			developmentRegion = en;
			hasScannedForEncodings = 0;
			knownRegions = (
				en,
				Base,
			);
			mainGroup = 80C1FD5523F202D700446B5A;
			productRefGroup = 80C1FD5F23F202D700446B5A /* Products */;
			projectDirPath = "";
			projectRoot = "";
			targets = (
				80C1FD5D23F202D700446B5A /* teste-bank-ios */,
				80C1FD7123F202DD00446B5A /* teste-bank-iosTests */,
			);
		};
/* End PBXProject section */

/* Begin PBXResourcesBuildPhase section */
		80C1FD5C23F202D700446B5A /* Resources */ = {
			isa = PBXResourcesBuildPhase;
			buildActionMask = 2147483647;
			files = (
				80C1FD8923F2375000446B5A /* LoginViewController.xib in Resources */,
				80C1FD8523F20C8E00446B5A /* CustomLogo.xib in Resources */,
				80C1FD6C23F202DD00446B5A /* LaunchScreen.storyboard in Resources */,
				80C1FD6923F202DD00446B5A /* Assets.xcassets in Resources */,
			);
			runOnlyForDeploymentPostprocessing = 0;
		};
		80C1FD7023F202DD00446B5A /* Resources */ = {
			isa = PBXResourcesBuildPhase;
			buildActionMask = 2147483647;
			files = (
			);
			runOnlyForDeploymentPostprocessing = 0;
		};
/* End PBXResourcesBuildPhase section */

/* Begin PBXShellScriptBuildPhase section */
		4B662B2E6221996B56BE600C /* [CP] Embed Pods Frameworks */ = {
			isa = PBXShellScriptBuildPhase;
			buildActionMask = 2147483647;
			files = (
			);
			inputFileListPaths = (
			);
			inputPaths = (
				"${SRCROOT}/Pods/Target Support Files/Pods-teste-bank-ios/Pods-teste-bank-ios-frameworks.sh",
				"${BUILT_PRODUCTS_DIR}/Alamofire/Alamofire.framework",
				"${BUILT_PRODUCTS_DIR}/DTTextField/DTTextField.framework",
				"${BUILT_PRODUCTS_DIR}/IQKeyboardManagerSwift/IQKeyboardManagerSwift.framework",
			);
			name = "[CP] Embed Pods Frameworks";
			outputFileListPaths = (
			);
			outputPaths = (
				"${TARGET_BUILD_DIR}/${FRAMEWORKS_FOLDER_PATH}/Alamofire.framework",
				"${TARGET_BUILD_DIR}/${FRAMEWORKS_FOLDER_PATH}/DTTextField.framework",
				"${TARGET_BUILD_DIR}/${FRAMEWORKS_FOLDER_PATH}/IQKeyboardManagerSwift.framework",
			);
			runOnlyForDeploymentPostprocessing = 0;
			shellPath = /bin/sh;
			shellScript = "\"${SRCROOT}/Pods/Target Support Files/Pods-teste-bank-ios/Pods-teste-bank-ios-frameworks.sh\"\n";
			showEnvVarsInLog = 0;
		};
		5E35DFF3CFEC6A6E1C0740F0 /* [CP] Check Pods Manifest.lock */ = {
			isa = PBXShellScriptBuildPhase;
			buildActionMask = 2147483647;
			files = (
			);
			inputFileListPaths = (
			);
			inputPaths = (
				"${PODS_PODFILE_DIR_PATH}/Podfile.lock",
				"${PODS_ROOT}/Manifest.lock",
			);
			name = "[CP] Check Pods Manifest.lock";
			outputFileListPaths = (
			);
			outputPaths = (
				"$(DERIVED_FILE_DIR)/Pods-teste-bank-iosTests-checkManifestLockResult.txt",
			);
			runOnlyForDeploymentPostprocessing = 0;
			shellPath = /bin/sh;
			shellScript = "diff \"${PODS_PODFILE_DIR_PATH}/Podfile.lock\" \"${PODS_ROOT}/Manifest.lock\" > /dev/null\nif [ $? != 0 ] ; then\n    # print error to STDERR\n    echo \"error: The sandbox is not in sync with the Podfile.lock. Run 'pod install' or update your CocoaPods installation.\" >&2\n    exit 1\nfi\n# This output is used by Xcode 'outputs' to avoid re-running this script phase.\necho \"SUCCESS\" > \"${SCRIPT_OUTPUT_FILE_0}\"\n";
			showEnvVarsInLog = 0;
		};
		F208D7BD27A509B7722A8597 /* [CP] Check Pods Manifest.lock */ = {
			isa = PBXShellScriptBuildPhase;
			buildActionMask = 2147483647;
			files = (
			);
			inputFileListPaths = (
			);
			inputPaths = (
				"${PODS_PODFILE_DIR_PATH}/Podfile.lock",
				"${PODS_ROOT}/Manifest.lock",
			);
			name = "[CP] Check Pods Manifest.lock";
			outputFileListPaths = (
			);
			outputPaths = (
				"$(DERIVED_FILE_DIR)/Pods-teste-bank-ios-checkManifestLockResult.txt",
			);
			runOnlyForDeploymentPostprocessing = 0;
			shellPath = /bin/sh;
			shellScript = "diff \"${PODS_PODFILE_DIR_PATH}/Podfile.lock\" \"${PODS_ROOT}/Manifest.lock\" > /dev/null\nif [ $? != 0 ] ; then\n    # print error to STDERR\n    echo \"error: The sandbox is not in sync with the Podfile.lock. Run 'pod install' or update your CocoaPods installation.\" >&2\n    exit 1\nfi\n# This output is used by Xcode 'outputs' to avoid re-running this script phase.\necho \"SUCCESS\" > \"${SCRIPT_OUTPUT_FILE_0}\"\n";
			showEnvVarsInLog = 0;
		};
/* End PBXShellScriptBuildPhase section */

/* Begin PBXSourcesBuildPhase section */
		80C1FD5A23F202D700446B5A /* Sources */ = {
			isa = PBXSourcesBuildPhase;
			buildActionMask = 2147483647;
			files = (
				80C1FD6423F202D700446B5A /* LoginViewController.swift in Sources */,
				8011C8FA23F4453300BCAA63 /* LoginModels.swift in Sources */,
				80C1FD8723F2111300446B5A /* CustomLogo.swift in Sources */,
				80C1FD9323F25AD700446B5A /* LoginPresenter.swift in Sources */,
				80C1FD9123F25A5300446B5A /* LoginInteractor.swift in Sources */,
				80F0466A23F3179100C87A7D /* Commons.swift in Sources */,
				8011C8FF23F4513500BCAA63 /* Api.swift in Sources */,
				80D8CBCF23F46F97002A54BC /* Constants.swift in Sources */,
				80C1FD8D23F259FE00446B5A /* LoginConfigurator.swift in Sources */,
				80C1FD8F23F25A2C00446B5A /* LoginRouter.swift in Sources */,
				80C1FD6223F202D700446B5A /* AppDelegate.swift in Sources */,
				8011C8FC23F44C5200BCAA63 /* Extensions.swift in Sources */,
				80D8CBD123F47275002A54BC /* EndpointBank.swift in Sources */,
				80F0466823F2E7AB00C87A7D /* LoginWorker.swift in Sources */,
			);
			runOnlyForDeploymentPostprocessing = 0;
		};
		80C1FD6E23F202DD00446B5A /* Sources */ = {
			isa = PBXSourcesBuildPhase;
			buildActionMask = 2147483647;
			files = (
				80C1FD7723F202DD00446B5A /* teste_bank_iosTests.swift in Sources */,
			);
			runOnlyForDeploymentPostprocessing = 0;
		};
/* End PBXSourcesBuildPhase section */

/* Begin PBXTargetDependency section */
		80C1FD7423F202DD00446B5A /* PBXTargetDependency */ = {
			isa = PBXTargetDependency;
			target = 80C1FD5D23F202D700446B5A /* teste-bank-ios */;
			targetProxy = 80C1FD7323F202DD00446B5A /* PBXContainerItemProxy */;
		};
/* End PBXTargetDependency section */

/* Begin PBXVariantGroup section */
		80C1FD6A23F202DD00446B5A /* LaunchScreen.storyboard */ = {
			isa = PBXVariantGroup;
			children = (
				80C1FD6B23F202DD00446B5A /* Base */,
			);
			name = LaunchScreen.storyboard;
			sourceTree = "<group>";
		};
/* End PBXVariantGroup section */

/* Begin XCBuildConfiguration section */
		80C1FD7923F202DD00446B5A /* Debug */ = {
			isa = XCBuildConfiguration;
			buildSettings = {
				ALWAYS_SEARCH_USER_PATHS = NO;
				CLANG_ANALYZER_NONNULL = YES;
				CLANG_ANALYZER_NUMBER_OBJECT_CONVERSION = YES_AGGRESSIVE;
				CLANG_CXX_LANGUAGE_STANDARD = "gnu++14";
				CLANG_CXX_LIBRARY = "libc++";
				CLANG_ENABLE_MODULES = YES;
				CLANG_ENABLE_OBJC_ARC = YES;
				CLANG_ENABLE_OBJC_WEAK = YES;
				CLANG_WARN_BLOCK_CAPTURE_AUTORELEASING = YES;
				CLANG_WARN_BOOL_CONVERSION = YES;
				CLANG_WARN_COMMA = YES;
				CLANG_WARN_CONSTANT_CONVERSION = YES;
				CLANG_WARN_DEPRECATED_OBJC_IMPLEMENTATIONS = YES;
				CLANG_WARN_DIRECT_OBJC_ISA_USAGE = YES_ERROR;
				CLANG_WARN_DOCUMENTATION_COMMENTS = YES;
				CLANG_WARN_EMPTY_BODY = YES;
				CLANG_WARN_ENUM_CONVERSION = YES;
				CLANG_WARN_INFINITE_RECURSION = YES;
				CLANG_WARN_INT_CONVERSION = YES;
				CLANG_WARN_NON_LITERAL_NULL_CONVERSION = YES;
				CLANG_WARN_OBJC_IMPLICIT_RETAIN_SELF = YES;
				CLANG_WARN_OBJC_LITERAL_CONVERSION = YES;
				CLANG_WARN_OBJC_ROOT_CLASS = YES_ERROR;
				CLANG_WARN_RANGE_LOOP_ANALYSIS = YES;
				CLANG_WARN_STRICT_PROTOTYPES = YES;
				CLANG_WARN_SUSPICIOUS_MOVE = YES;
				CLANG_WARN_UNGUARDED_AVAILABILITY = YES_AGGRESSIVE;
				CLANG_WARN_UNREACHABLE_CODE = YES;
				CLANG_WARN__DUPLICATE_METHOD_MATCH = YES;
				CODE_SIGN_IDENTITY = "iPhone Developer";
				COPY_PHASE_STRIP = NO;
				DEBUG_INFORMATION_FORMAT = dwarf;
				ENABLE_STRICT_OBJC_MSGSEND = YES;
				ENABLE_TESTABILITY = YES;
				GCC_C_LANGUAGE_STANDARD = gnu11;
				GCC_DYNAMIC_NO_PIC = NO;
				GCC_NO_COMMON_BLOCKS = YES;
				GCC_OPTIMIZATION_LEVEL = 0;
				GCC_PREPROCESSOR_DEFINITIONS = (
					"DEBUG=1",
					"$(inherited)",
				);
				GCC_WARN_64_TO_32_BIT_CONVERSION = YES;
				GCC_WARN_ABOUT_RETURN_TYPE = YES_ERROR;
				GCC_WARN_UNDECLARED_SELECTOR = YES;
				GCC_WARN_UNINITIALIZED_AUTOS = YES_AGGRESSIVE;
				GCC_WARN_UNUSED_FUNCTION = YES;
				GCC_WARN_UNUSED_VARIABLE = YES;
				IPHONEOS_DEPLOYMENT_TARGET = 12.1;
				MTL_ENABLE_DEBUG_INFO = INCLUDE_SOURCE;
				MTL_FAST_MATH = YES;
				ONLY_ACTIVE_ARCH = YES;
				SDKROOT = iphoneos;
				SWIFT_ACTIVE_COMPILATION_CONDITIONS = DEBUG;
				SWIFT_OPTIMIZATION_LEVEL = "-Onone";
			};
			name = Debug;
		};
		80C1FD7A23F202DD00446B5A /* Release */ = {
			isa = XCBuildConfiguration;
			buildSettings = {
				ALWAYS_SEARCH_USER_PATHS = NO;
				CLANG_ANALYZER_NONNULL = YES;
				CLANG_ANALYZER_NUMBER_OBJECT_CONVERSION = YES_AGGRESSIVE;
				CLANG_CXX_LANGUAGE_STANDARD = "gnu++14";
				CLANG_CXX_LIBRARY = "libc++";
				CLANG_ENABLE_MODULES = YES;
				CLANG_ENABLE_OBJC_ARC = YES;
				CLANG_ENABLE_OBJC_WEAK = YES;
				CLANG_WARN_BLOCK_CAPTURE_AUTORELEASING = YES;
				CLANG_WARN_BOOL_CONVERSION = YES;
				CLANG_WARN_COMMA = YES;
				CLANG_WARN_CONSTANT_CONVERSION = YES;
				CLANG_WARN_DEPRECATED_OBJC_IMPLEMENTATIONS = YES;
				CLANG_WARN_DIRECT_OBJC_ISA_USAGE = YES_ERROR;
				CLANG_WARN_DOCUMENTATION_COMMENTS = YES;
				CLANG_WARN_EMPTY_BODY = YES;
				CLANG_WARN_ENUM_CONVERSION = YES;
				CLANG_WARN_INFINITE_RECURSION = YES;
				CLANG_WARN_INT_CONVERSION = YES;
				CLANG_WARN_NON_LITERAL_NULL_CONVERSION = YES;
				CLANG_WARN_OBJC_IMPLICIT_RETAIN_SELF = YES;
				CLANG_WARN_OBJC_LITERAL_CONVERSION = YES;
				CLANG_WARN_OBJC_ROOT_CLASS = YES_ERROR;
				CLANG_WARN_RANGE_LOOP_ANALYSIS = YES;
				CLANG_WARN_STRICT_PROTOTYPES = YES;
				CLANG_WARN_SUSPICIOUS_MOVE = YES;
				CLANG_WARN_UNGUARDED_AVAILABILITY = YES_AGGRESSIVE;
				CLANG_WARN_UNREACHABLE_CODE = YES;
				CLANG_WARN__DUPLICATE_METHOD_MATCH = YES;
				CODE_SIGN_IDENTITY = "iPhone Developer";
				COPY_PHASE_STRIP = NO;
				DEBUG_INFORMATION_FORMAT = "dwarf-with-dsym";
				ENABLE_NS_ASSERTIONS = NO;
				ENABLE_STRICT_OBJC_MSGSEND = YES;
				GCC_C_LANGUAGE_STANDARD = gnu11;
				GCC_NO_COMMON_BLOCKS = YES;
				GCC_WARN_64_TO_32_BIT_CONVERSION = YES;
				GCC_WARN_ABOUT_RETURN_TYPE = YES_ERROR;
				GCC_WARN_UNDECLARED_SELECTOR = YES;
				GCC_WARN_UNINITIALIZED_AUTOS = YES_AGGRESSIVE;
				GCC_WARN_UNUSED_FUNCTION = YES;
				GCC_WARN_UNUSED_VARIABLE = YES;
				IPHONEOS_DEPLOYMENT_TARGET = 12.1;
				MTL_ENABLE_DEBUG_INFO = NO;
				MTL_FAST_MATH = YES;
				SDKROOT = iphoneos;
				SWIFT_COMPILATION_MODE = wholemodule;
				SWIFT_OPTIMIZATION_LEVEL = "-O";
				VALIDATE_PRODUCT = YES;
			};
			name = Release;
		};
		80C1FD7C23F202DD00446B5A /* Debug */ = {
			isa = XCBuildConfiguration;
			baseConfigurationReference = CB260E846010BFF472887B6B /* Pods-teste-bank-ios.debug.xcconfig */;
			buildSettings = {
				ASSETCATALOG_COMPILER_APPICON_NAME = AppIcon;
				CODE_SIGN_STYLE = Automatic;
				DEVELOPMENT_TEAM = 4SPVN6BRY3;
				INFOPLIST_FILE = "teste-bank-ios/Info.plist";
				IPHONEOS_DEPLOYMENT_TARGET = 9.0;
				LD_RUNPATH_SEARCH_PATHS = (
					"$(inherited)",
					"@executable_path/Frameworks",
				);
				PRODUCT_BUNDLE_IDENTIFIER = "com.teste-bank-ios";
				PRODUCT_NAME = "$(TARGET_NAME)";
				SWIFT_VERSION = 4.2;
				TARGETED_DEVICE_FAMILY = "1,2";
			};
			name = Debug;
		};
		80C1FD7D23F202DD00446B5A /* Release */ = {
			isa = XCBuildConfiguration;
			baseConfigurationReference = A19C27EA3BC3AF33612D852E /* Pods-teste-bank-ios.release.xcconfig */;
			buildSettings = {
				ASSETCATALOG_COMPILER_APPICON_NAME = AppIcon;
				CODE_SIGN_STYLE = Automatic;
				DEVELOPMENT_TEAM = 4SPVN6BRY3;
				INFOPLIST_FILE = "teste-bank-ios/Info.plist";
				IPHONEOS_DEPLOYMENT_TARGET = 9.0;
				LD_RUNPATH_SEARCH_PATHS = (
					"$(inherited)",
					"@executable_path/Frameworks",
				);
				PRODUCT_BUNDLE_IDENTIFIER = "com.teste-bank-ios";
				PRODUCT_NAME = "$(TARGET_NAME)";
				SWIFT_VERSION = 4.2;
				TARGETED_DEVICE_FAMILY = "1,2";
			};
			name = Release;
		};
		80C1FD7F23F202DD00446B5A /* Debug */ = {
			isa = XCBuildConfiguration;
			baseConfigurationReference = 1B9E2780E3B430E4F88D6C44 /* Pods-teste-bank-iosTests.debug.xcconfig */;
			buildSettings = {
				ALWAYS_EMBED_SWIFT_STANDARD_LIBRARIES = YES;
				BUNDLE_LOADER = "$(TEST_HOST)";
				CODE_SIGN_STYLE = Automatic;
				DEVELOPMENT_TEAM = 4SPVN6BRY3;
				INFOPLIST_FILE = "teste-bank-iosTests/Info.plist";
				LD_RUNPATH_SEARCH_PATHS = (
					"$(inherited)",
					"@executable_path/Frameworks",
					"@loader_path/Frameworks",
				);
				PRODUCT_BUNDLE_IDENTIFIER = "com.teste-bank-iosTests";
				PRODUCT_NAME = "$(TARGET_NAME)";
				SWIFT_VERSION = 4.2;
				TARGETED_DEVICE_FAMILY = "1,2";
				TEST_HOST = "$(BUILT_PRODUCTS_DIR)/teste-bank-ios.app/teste-bank-ios";
			};
			name = Debug;
		};
		80C1FD8023F202DD00446B5A /* Release */ = {
			isa = XCBuildConfiguration;
			baseConfigurationReference = E294036795F28AC0961E83C9 /* Pods-teste-bank-iosTests.release.xcconfig */;
			buildSettings = {
				ALWAYS_EMBED_SWIFT_STANDARD_LIBRARIES = YES;
				BUNDLE_LOADER = "$(TEST_HOST)";
				CODE_SIGN_STYLE = Automatic;
				DEVELOPMENT_TEAM = 4SPVN6BRY3;
				INFOPLIST_FILE = "teste-bank-iosTests/Info.plist";
				LD_RUNPATH_SEARCH_PATHS = (
					"$(inherited)",
					"@executable_path/Frameworks",
					"@loader_path/Frameworks",
				);
				PRODUCT_BUNDLE_IDENTIFIER = "com.teste-bank-iosTests";
				PRODUCT_NAME = "$(TARGET_NAME)";
				SWIFT_VERSION = 4.2;
				TARGETED_DEVICE_FAMILY = "1,2";
				TEST_HOST = "$(BUILT_PRODUCTS_DIR)/teste-bank-ios.app/teste-bank-ios";
			};
			name = Release;
		};
/* End XCBuildConfiguration section */

/* Begin XCConfigurationList section */
		80C1FD5923F202D700446B5A /* Build configuration list for PBXProject "teste-bank-ios" */ = {
			isa = XCConfigurationList;
			buildConfigurations = (
				80C1FD7923F202DD00446B5A /* Debug */,
				80C1FD7A23F202DD00446B5A /* Release */,
			);
			defaultConfigurationIsVisible = 0;
			defaultConfigurationName = Release;
		};
		80C1FD7B23F202DD00446B5A /* Build configuration list for PBXNativeTarget "teste-bank-ios" */ = {
			isa = XCConfigurationList;
			buildConfigurations = (
				80C1FD7C23F202DD00446B5A /* Debug */,
				80C1FD7D23F202DD00446B5A /* Release */,
			);
			defaultConfigurationIsVisible = 0;
			defaultConfigurationName = Release;
		};
		80C1FD7E23F202DD00446B5A /* Build configuration list for PBXNativeTarget "teste-bank-iosTests" */ = {
			isa = XCConfigurationList;
			buildConfigurations = (
				80C1FD7F23F202DD00446B5A /* Debug */,
				80C1FD8023F202DD00446B5A /* Release */,
			);
			defaultConfigurationIsVisible = 0;
			defaultConfigurationName = Release;
		};
/* End XCConfigurationList section */
	};
	rootObject = 80C1FD5623F202D700446B5A /* Project object */;
}
